
Microsoft Visual Studio Solution File, Format Version 12.00
Project("{2150E333-8FDC-42A3-9474-1A3956D46DE8}") = "src", "src", "{152F15EC-C4DF-4299-B0F2-7DE5BC799985}"
EndProject
Project("{2150E333-8FDC-42A3-9474-1A3956D46DE8}") = "Infrastructure", "Infrastructure", "{82CD3859-2CE5-4B2E-844E-FA517F0F7F0C}"
EndProject
Project("{2150E333-8FDC-42A3-9474-1A3956D46DE8}") = "Domain", "Domain", "{8C0C028B-93FF-4221-85C8-F58885C19E02}"
EndProject
Project("{2150E333-8FDC-42A3-9474-1A3956D46DE8}") = "Application", "Application", "{180B6084-3321-4D35-9ABE-17E2C3A25966}"
EndProject
Project("{FAE04EC0-301F-11D3-BF4B-00C04F79EFBC}") = "FM.UIHost", "FM.UIHost\FM.UIHost.csproj", "{15AAC12C-DC95-4ECF-889E-AF5C7EB6046F}"
EndProject
Project("{FAE04EC0-301F-11D3-BF4B-00C04F79EFBC}") = "FM.Domain", "FM.Domain\FM.Domain.csproj", "{20EE32BB-5070-4323-9A83-0A524B8402B9}"
EndProject
Project("{FAE04EC0-301F-11D3-BF4B-00C04F79EFBC}") = "FM.Application", "FM.Application\FM.Application.csproj", "{28B89692-45BC-404E-9C38-07B02E242599}"
EndProject
Project("{FAE04EC0-301F-11D3-BF4B-00C04F79EFBC}") = "FM.Integration", "FM.Integration\FM.Integration.csproj", "{EDC1A2A0-7167-45EA-96E5-69D41C100CEA}"
EndProject
Global
	GlobalSection(SolutionConfigurationPlatforms) = preSolution
		Debug|Any CPU = Debug|Any CPU
		Release|Any CPU = Release|Any CPU
	EndGlobalSection
	GlobalSection(ProjectConfigurationPlatforms) = postSolution
		{15AAC12C-DC95-4ECF-889E-AF5C7EB6046F}.Debug|Any CPU.ActiveCfg = Debug|Any CPU
		{15AAC12C-DC95-4ECF-889E-AF5C7EB6046F}.Debug|Any CPU.Build.0 = Debug|Any CPU
		{15AAC12C-DC95-4ECF-889E-AF5C7EB6046F}.Release|Any CPU.ActiveCfg = Release|Any CPU
		{15AAC12C-DC95-4ECF-889E-AF5C7EB6046F}.Release|Any CPU.Build.0 = Release|Any CPU
		{20EE32BB-5070-4323-9A83-0A524B8402B9}.Debug|Any CPU.ActiveCfg = Debug|Any CPU
		{20EE32BB-5070-4323-9A83-0A524B8402B9}.Debug|Any CPU.Build.0 = Debug|Any CPU
		{20EE32BB-5070-4323-9A83-0A524B8402B9}.Release|Any CPU.ActiveCfg = Release|Any CPU
		{20EE32BB-5070-4323-9A83-0A524B8402B9}.Release|Any CPU.Build.0 = Release|Any CPU
		{28B89692-45BC-404E-9C38-07B02E242599}.Debug|Any CPU.ActiveCfg = Debug|Any CPU
		{28B89692-45BC-404E-9C38-07B02E242599}.Debug|Any CPU.Build.0 = Debug|Any CPU
		{28B89692-45BC-404E-9C38-07B02E242599}.Release|Any CPU.ActiveCfg = Release|Any CPU
		{28B89692-45BC-404E-9C38-07B02E242599}.Release|Any CPU.Build.0 = Release|Any CPU
		{EDC1A2A0-7167-45EA-96E5-69D41C100CEA}.Debug|Any CPU.ActiveCfg = Debug|Any CPU
		{EDC1A2A0-7167-45EA-96E5-69D41C100CEA}.Debug|Any CPU.Build.0 = Debug|Any CPU
		{EDC1A2A0-7167-45EA-96E5-69D41C100CEA}.Release|Any CPU.ActiveCfg = Release|Any CPU
		{EDC1A2A0-7167-45EA-96E5-69D41C100CEA}.Release|Any CPU.Build.0 = Release|Any CPU
	EndGlobalSection
	GlobalSection(NestedProjects) = preSolution
		{82CD3859-2CE5-4B2E-844E-FA517F0F7F0C} = {152F15EC-C4DF-4299-B0F2-7DE5BC799985}
		{8C0C028B-93FF-4221-85C8-F58885C19E02} = {152F15EC-C4DF-4299-B0F2-7DE5BC799985}
		{180B6084-3321-4D35-9ABE-17E2C3A25966} = {152F15EC-C4DF-4299-B0F2-7DE5BC799985}
		{15AAC12C-DC95-4ECF-889E-AF5C7EB6046F} = {82CD3859-2CE5-4B2E-844E-FA517F0F7F0C}
		{20EE32BB-5070-4323-9A83-0A524B8402B9} = {8C0C028B-93FF-4221-85C8-F58885C19E02}
		{28B89692-45BC-404E-9C38-07B02E242599} = {180B6084-3321-4D35-9ABE-17E2C3A25966}
		{EDC1A2A0-7167-45EA-96E5-69D41C100CEA} = {82CD3859-2CE5-4B2E-844E-FA517F0F7F0C}
	EndGlobalSection
EndGlobal
